<?xml version="1.0" encoding="utf-8"?>
<Project ToolsVersion="4.0" xmlns="http://schemas.microsoft.com/developer/msbuild/2003">
  <ItemGroup>
    <Filter Include="Source Files">
      <UniqueIdentifier>{4FC737F1-C7A5-4376-A066-2A32D752A2FF}</UniqueIdentifier>
      <Extensions>cpp;c;cc;cxx;def;odl;idl;hpj;bat;asm;asmx</Extensions>
    </Filter>
    <Filter Include="Header Files">
      <UniqueIdentifier>{93995380-89BD-4b04-88EB-625FBE52EBFB}</UniqueIdentifier>
      <Extensions>h;hh;hpp;hxx;hm;inl;inc;ipp;xsd</Extensions>
    </Filter>
    <Filter Include="Resource Files">
      <UniqueIdentifier>{67DA6AB6-F800-4c08-8B7A-83BB121AAD01}</UniqueIdentifier>
      <Extensions>rc;ico;cur;bmp;dlg;rc2;rct;bin;rgs;gif;jpg;jpeg;jpe;resx;tiff;tif;png;wav;mfcribbon-ms</Extensions>
    </Filter>
    <Filter Include="Source Files\Render">
      <UniqueIdentifier>{6d9914d6-d4d4-4d45-b722-bf669c277b0c}</UniqueIdentifier>
    </Filter>
    <Filter Include="Header Files\Render">
      <UniqueIdentifier>{7e14f9bc-ae1e-443d-a02b-772f3db35f3f}</UniqueIdentifier>
    </Filter>
    <Filter Include="Source Files\Sim">
      <UniqueIdentifier>{3c0509b9-77aa-4e75-96a8-c9ec70d524c6}</UniqueIdentifier>
    </Filter>
    <Filter Include="Header Files\Sim">
      <UniqueIdentifier>{c9b11290-45e4-4778-8a34-7f9bcddd4c87}</UniqueIdentifier>
    </Filter>
    <Filter Include="Shaders">
      <UniqueIdentifier>{ecbaba1f-39b9-4525-a7ba-fd3e71ae03f6}</UniqueIdentifier>
    </Filter>
  </ItemGroup>
  <ItemGroup>
    <ClInclude Include="RenderEngine2D.h">
      <Filter>Header Files\Render</Filter>
    </ClInclude>
    <ClInclude Include="Shader.h">
      <Filter>Header Files\Render</Filter>
    </ClInclude>
    <ClInclude Include="ShaderProgram.h">
      <Filter>Header Files\Render</Filter>
    </ClInclude>
    <ClInclude Include="Vector.h">
      <Filter>Header Files\Sim</Filter>
    </ClInclude>
    <ClInclude Include="Voxel.h">
      <Filter>Header Files\Sim</Filter>
    </ClInclude>
    <ClInclude Include="VoxelGrid.h">
      <Filter>Header Files\Sim</Filter>
    </ClInclude>
    <ClInclude Include="WaterEngine.h">
      <Filter>Header Files\Sim</Filter>
    </ClInclude>
    <ClInclude Include="GameManager.h">
      <Filter>Header Files</Filter>
    </ClInclude>
    <ClInclude Include="SwapList.h">
      <Filter>Header Files\Sim</Filter>
    </ClInclude>
    <ClInclude Include="Particle.h">
      <Filter>Header Files\Sim</Filter>
    </ClInclude>
  </ItemGroup>
  <ItemGroup>
    <ClCompile Include="RenderEngine2D.cpp">
      <Filter>Source Files\Render</Filter>
    </ClCompile>
    <ClCompile Include="Shader.cpp">
      <Filter>Source Files\Render</Filter>
    </ClCompile>
    <ClCompile Include="ShaderProgram.cpp">
      <Filter>Source Files\Render</Filter>
    </ClCompile>
    <ClCompile Include="WaterEngine.cpp">
      <Filter>Source Files\Sim</Filter>
    </ClCompile>
    <ClCompile Include="Vector.cpp">
      <Filter>Source Files\Sim</Filter>
    </ClCompile>
    <ClCompile Include="VoxelGrid.cpp">
      <Filter>Source Files\Sim</Filter>
    </ClCompile>
    <ClCompile Include="main.cpp">
      <Filter>Source Files</Filter>
    </ClCompile>
    <ClCompile Include="GameManager.cpp">
      <Filter>Source Files</Filter>
    </ClCompile>
  </ItemGroup>
  <ItemGroup>
    <None Include="points.frag">
      <Filter>Shaders</Filter>
    </None>
    <None Include="quad.vert">
      <Filter>Shaders</Filter>
    </None>
    <None Include="points.vert">
      <Filter>Shaders</Filter>
    </None>
  </ItemGroup>
</Project>